// !$*UTF8*$!
{
	archiveVersion = 1;
	classes = {
	};
	objectVersion = 56;
	objects = {

/* Begin PBXBuildFile section */
		91327F542C12E6F900BCC67E /* main.cpp in Sources */ = {isa = PBXBuildFile; fileRef = 91327F522C12E6F900BCC67E /* main.cpp */; };
		916184722C070C0F00597931 /* SubjectView.swift in Sources */ = {isa = PBXBuildFile; fileRef = 916184712C070C0F00597931 /* SubjectView.swift */; };
		918F5E022C13428400F2BB1C /* LoginView.swift in Sources */ = {isa = PBXBuildFile; fileRef = 918F5E012C13428400F2BB1C /* LoginView.swift */; };
		91B2CE832C06EE5200A00489 /* LMSApp.swift in Sources */ = {isa = PBXBuildFile; fileRef = 91B2CE822C06EE5200A00489 /* LMSApp.swift */; };
		91B2CE852C06EE5200A00489 /* ContentView.swift in Sources */ = {isa = PBXBuildFile; fileRef = 91B2CE842C06EE5200A00489 /* ContentView.swift */; };
		91B2CE872C06EE5300A00489 /* Assets.xcassets in Resources */ = {isa = PBXBuildFile; fileRef = 91B2CE862C06EE5300A00489 /* Assets.xcassets */; };
		91B2CE8A2C06EE5300A00489 /* Preview Assets.xcassets in Resources */ = {isa = PBXBuildFile; fileRef = 91B2CE892C06EE5300A00489 /* Preview Assets.xcassets */; };
		91B2CE942C06EE5400A00489 /* LMSTests.swift in Sources */ = {isa = PBXBuildFile; fileRef = 91B2CE932C06EE5400A00489 /* LMSTests.swift */; };
		91B2CE9E2C06EE5400A00489 /* LMSUITests.swift in Sources */ = {isa = PBXBuildFile; fileRef = 91B2CE9D2C06EE5400A00489 /* LMSUITests.swift */; };
		91B2CEA02C06EE5400A00489 /* LMSUITestsLaunchTests.swift in Sources */ = {isa = PBXBuildFile; fileRef = 91B2CE9F2C06EE5400A00489 /* LMSUITestsLaunchTests.swift */; };
		91B2CEAE2C06EEB900A00489 /* ProfileView.swift in Sources */ = {isa = PBXBuildFile; fileRef = 91B2CEAD2C06EEB900A00489 /* ProfileView.swift */; };
		91B2CEB22C06F09000A00489 /* CourseView.swift in Sources */ = {isa = PBXBuildFile; fileRef = 91B2CEB12C06F09000A00489 /* CourseView.swift */; };
		91B2CEB42C06F0AA00A00489 /* HomeView.swift in Sources */ = {isa = PBXBuildFile; fileRef = 91B2CEB32C06F0AA00A00489 /* HomeView.swift */; };
		91B2CEB72C06F0E200A00489 /* TabBar.swift in Sources */ = {isa = PBXBuildFile; fileRef = 91B2CEB62C06F0E200A00489 /* TabBar.swift */; };
/* End PBXBuildFile section */

/* Begin PBXContainerItemProxy section */
		91B2CE902C06EE5400A00489 /* PBXContainerItemProxy */ = {
			isa = PBXContainerItemProxy;
			containerPortal = 91B2CE772C06EE5200A00489 /* Project object */;
			proxyType = 1;
			remoteGlobalIDString = 91B2CE7E2C06EE5200A00489;
			remoteInfo = LMS;
		};
		91B2CE9A2C06EE5400A00489 /* PBXContainerItemProxy */ = {
			isa = PBXContainerItemProxy;
			containerPortal = 91B2CE772C06EE5200A00489 /* Project object */;
			proxyType = 1;
			remoteGlobalIDString = 91B2CE7E2C06EE5200A00489;
			remoteInfo = LMS;
		};
/* End PBXContainerItemProxy section */

/* Begin PBXFileReference section */
		91327F512C12E6F900BCC67E /* LMS-Bridging-Header.h */ = {isa = PBXFileReference; lastKnownFileType = sourcecode.c.h; path = "LMS-Bridging-Header.h"; sourceTree = "<group>"; };
		91327F522C12E6F900BCC67E /* main.cpp */ = {isa = PBXFileReference; lastKnownFileType = sourcecode.cpp.cpp; path = main.cpp; sourceTree = "<group>"; };
		91327F552C12EA9E00BCC67E /* main.h */ = {isa = PBXFileReference; lastKnownFileType = sourcecode.c.h; path = main.h; sourceTree = "<group>"; };
		916184712C070C0F00597931 /* SubjectView.swift */ = {isa = PBXFileReference; lastKnownFileType = sourcecode.swift; path = SubjectView.swift; sourceTree = "<group>"; };
		918F5E012C13428400F2BB1C /* LoginView.swift */ = {isa = PBXFileReference; lastKnownFileType = sourcecode.swift; path = LoginView.swift; sourceTree = "<group>"; };
		91B2CE7F2C06EE5200A00489 /* LMS.app */ = {isa = PBXFileReference; explicitFileType = wrapper.application; includeInIndex = 0; path = LMS.app; sourceTree = BUILT_PRODUCTS_DIR; };
		91B2CE822C06EE5200A00489 /* LMSApp.swift */ = {isa = PBXFileReference; lastKnownFileType = sourcecode.swift; path = LMSApp.swift; sourceTree = "<group>"; };
		91B2CE842C06EE5200A00489 /* ContentView.swift */ = {isa = PBXFileReference; lastKnownFileType = sourcecode.swift; path = ContentView.swift; sourceTree = "<group>"; };
		91B2CE862C06EE5300A00489 /* Assets.xcassets */ = {isa = PBXFileReference; lastKnownFileType = folder.assetcatalog; path = Assets.xcassets; sourceTree = "<group>"; };
		91B2CE892C06EE5300A00489 /* Preview Assets.xcassets */ = {isa = PBXFileReference; lastKnownFileType = folder.assetcatalog; path = "Preview Assets.xcassets"; sourceTree = "<group>"; };
		91B2CE8F2C06EE5400A00489 /* LMSTests.xctest */ = {isa = PBXFileReference; explicitFileType = wrapper.cfbundle; includeInIndex = 0; path = LMSTests.xctest; sourceTree = BUILT_PRODUCTS_DIR; };
		91B2CE932C06EE5400A00489 /* LMSTests.swift */ = {isa = PBXFileReference; lastKnownFileType = sourcecode.swift; path = LMSTests.swift; sourceTree = "<group>"; };
		91B2CE992C06EE5400A00489 /* LMSUITests.xctest */ = {isa = PBXFileReference; explicitFileType = wrapper.cfbundle; includeInIndex = 0; path = LMSUITests.xctest; sourceTree = BUILT_PRODUCTS_DIR; };
		91B2CE9D2C06EE5400A00489 /* LMSUITests.swift */ = {isa = PBXFileReference; lastKnownFileType = sourcecode.swift; path = LMSUITests.swift; sourceTree = "<group>"; };
		91B2CE9F2C06EE5400A00489 /* LMSUITestsLaunchTests.swift */ = {isa = PBXFileReference; lastKnownFileType = sourcecode.swift; path = LMSUITestsLaunchTests.swift; sourceTree = "<group>"; };
		91B2CEAD2C06EEB900A00489 /* ProfileView.swift */ = {isa = PBXFileReference; lastKnownFileType = sourcecode.swift; path = ProfileView.swift; sourceTree = "<group>"; };
		91B2CEB12C06F09000A00489 /* CourseView.swift */ = {isa = PBXFileReference; lastKnownFileType = sourcecode.swift; path = CourseView.swift; sourceTree = "<group>"; };
		91B2CEB32C06F0AA00A00489 /* HomeView.swift */ = {isa = PBXFileReference; lastKnownFileType = sourcecode.swift; path = HomeView.swift; sourceTree = "<group>"; };
		91B2CEB62C06F0E200A00489 /* TabBar.swift */ = {isa = PBXFileReference; lastKnownFileType = sourcecode.swift; path = TabBar.swift; sourceTree = "<group>"; };
/* End PBXFileReference section */

/* Begin PBXFrameworksBuildPhase section */
		91B2CE7C2C06EE5200A00489 /* Frameworks */ = {
			isa = PBXFrameworksBuildPhase;
			buildActionMask = 2147483647;
			files = (
			);
			runOnlyForDeploymentPostprocessing = 0;
		};
		91B2CE8C2C06EE5400A00489 /* Frameworks */ = {
			isa = PBXFrameworksBuildPhase;
			buildActionMask = 2147483647;
			files = (
			);
			runOnlyForDeploymentPostprocessing = 0;
		};
		91B2CE962C06EE5400A00489 /* Frameworks */ = {
			isa = PBXFrameworksBuildPhase;
			buildActionMask = 2147483647;
			files = (
			);
			runOnlyForDeploymentPostprocessing = 0;
		};
/* End PBXFrameworksBuildPhase section */

/* Begin PBXGroup section */
		91327F502C12E6CA00BCC67E /* C++ */ = {
			isa = PBXGroup;
			children = (
				91327F522C12E6F900BCC67E /* main.cpp */,
				91327F552C12EA9E00BCC67E /* main.h */,
				91327F512C12E6F900BCC67E /* LMS-Bridging-Header.h */,
			);
			path = "C++";
			sourceTree = "<group>";
		};
		916184702C070BF900597931 /* SupportingViews */ = {
			isa = PBXGroup;
			children = (
				916184712C070C0F00597931 /* SubjectView.swift */,
			);
			path = SupportingViews;
			sourceTree = "<group>";
		};
		91B2CE762C06EE5200A00489 = {
			isa = PBXGroup;
			children = (
				91B2CE812C06EE5200A00489 /* LMS */,
				91B2CE922C06EE5400A00489 /* LMSTests */,
				91B2CE9C2C06EE5400A00489 /* LMSUITests */,
				91B2CE802C06EE5200A00489 /* Products */,
			);
			sourceTree = "<group>";
		};
		91B2CE802C06EE5200A00489 /* Products */ = {
			isa = PBXGroup;
			children = (
				91B2CE7F2C06EE5200A00489 /* LMS.app */,
				91B2CE8F2C06EE5400A00489 /* LMSTests.xctest */,
				91B2CE992C06EE5400A00489 /* LMSUITests.xctest */,
			);
			name = Products;
			sourceTree = "<group>";
		};
		91B2CE812C06EE5200A00489 /* LMS */ = {
			isa = PBXGroup;
			children = (
				91327F502C12E6CA00BCC67E /* C++ */,
				91B2CEB52C06F0D600A00489 /* TabBar */,
				91B2CEAC2C06EEAB00A00489 /* Views */,
				91B2CE822C06EE5200A00489 /* LMSApp.swift */,
				91B2CE842C06EE5200A00489 /* ContentView.swift */,
				91B2CE862C06EE5300A00489 /* Assets.xcassets */,
				91B2CE882C06EE5300A00489 /* Preview Content */,
			);
			path = LMS;
			sourceTree = "<group>";
		};
		91B2CE882C06EE5300A00489 /* Preview Content */ = {
			isa = PBXGroup;
			children = (
				91B2CE892C06EE5300A00489 /* Preview Assets.xcassets */,
			);
			path = "Preview Content";
			sourceTree = "<group>";
		};
		91B2CE922C06EE5400A00489 /* LMSTests */ = {
			isa = PBXGroup;
			children = (
				91B2CE932C06EE5400A00489 /* LMSTests.swift */,
			);
			path = LMSTests;
			sourceTree = "<group>";
		};
		91B2CE9C2C06EE5400A00489 /* LMSUITests */ = {
			isa = PBXGroup;
			children = (
				91B2CE9D2C06EE5400A00489 /* LMSUITests.swift */,
				91B2CE9F2C06EE5400A00489 /* LMSUITestsLaunchTests.swift */,
			);
			path = LMSUITests;
			sourceTree = "<group>";
		};
		91B2CEAC2C06EEAB00A00489 /* Views */ = {
			isa = PBXGroup;
			children = (
				916184702C070BF900597931 /* SupportingViews */,
				91B2CEAD2C06EEB900A00489 /* ProfileView.swift */,
				91B2CEB12C06F09000A00489 /* CourseView.swift */,
				91B2CEB32C06F0AA00A00489 /* HomeView.swift */,
				918F5E012C13428400F2BB1C /* LoginView.swift */,
			);
			path = Views;
			sourceTree = "<group>";
		};
		91B2CEB52C06F0D600A00489 /* TabBar */ = {
			isa = PBXGroup;
			children = (
				91B2CEB62C06F0E200A00489 /* TabBar.swift */,
			);
			path = TabBar;
			sourceTree = "<group>";
		};
/* End PBXGroup section */

/* Begin PBXNativeTarget section */
		91B2CE7E2C06EE5200A00489 /* LMS */ = {
			isa = PBXNativeTarget;
			buildConfigurationList = 91B2CEA32C06EE5400A00489 /* Build configuration list for PBXNativeTarget "LMS" */;
			buildPhases = (
				91B2CE7B2C06EE5200A00489 /* Sources */,
				91B2CE7C2C06EE5200A00489 /* Frameworks */,
				91B2CE7D2C06EE5200A00489 /* Resources */,
			);
			buildRules = (
			);
			dependencies = (
			);
			name = LMS;
			productName = LMS;
			productReference = 91B2CE7F2C06EE5200A00489 /* LMS.app */;
			productType = "com.apple.product-type.application";
		};
		91B2CE8E2C06EE5400A00489 /* LMSTests */ = {
			isa = PBXNativeTarget;
			buildConfigurationList = 91B2CEA62C06EE5400A00489 /* Build configuration list for PBXNativeTarget "LMSTests" */;
			buildPhases = (
				91B2CE8B2C06EE5400A00489 /* Sources */,
				91B2CE8C2C06EE5400A00489 /* Frameworks */,
				91B2CE8D2C06EE5400A00489 /* Resources */,
			);
			buildRules = (
			);
			dependencies = (
				91B2CE912C06EE5400A00489 /* PBXTargetDependency */,
			);
			name = LMSTests;
			productName = LMSTests;
			productReference = 91B2CE8F2C06EE5400A00489 /* LMSTests.xctest */;
			productType = "com.apple.product-type.bundle.unit-test";
		};
		91B2CE982C06EE5400A00489 /* LMSUITests */ = {
			isa = PBXNativeTarget;
			buildConfigurationList = 91B2CEA92C06EE5400A00489 /* Build configuration list for PBXNativeTarget "LMSUITests" */;
			buildPhases = (
				91B2CE952C06EE5400A00489 /* Sources */,
				91B2CE962C06EE5400A00489 /* Frameworks */,
				91B2CE972C06EE5400A00489 /* Resources */,
			);
			buildRules = (
			);
			dependencies = (
				91B2CE9B2C06EE5400A00489 /* PBXTargetDependency */,
			);
			name = LMSUITests;
			productName = LMSUITests;
			productReference = 91B2CE992C06EE5400A00489 /* LMSUITests.xctest */;
			productType = "com.apple.product-type.bundle.ui-testing";
		};
/* End PBXNativeTarget section */

/* Begin PBXProject section */
		91B2CE772C06EE5200A00489 /* Project object */ = {
			isa = PBXProject;
			attributes = {
				BuildIndependentTargetsInParallel = 1;
				LastSwiftUpdateCheck = 1430;
				LastUpgradeCheck = 1430;
				TargetAttributes = {
					91B2CE7E2C06EE5200A00489 = {
						CreatedOnToolsVersion = 14.3.1;
						LastSwiftMigration = 1430;
					};
					91B2CE8E2C06EE5400A00489 = {
						CreatedOnToolsVersion = 14.3.1;
						TestTargetID = 91B2CE7E2C06EE5200A00489;
					};
					91B2CE982C06EE5400A00489 = {
						CreatedOnToolsVersion = 14.3.1;
						TestTargetID = 91B2CE7E2C06EE5200A00489;
					};
				};
			};
			buildConfigurationList = 91B2CE7A2C06EE5200A00489 /* Build configuration list for PBXProject "LMS" */;
			compatibilityVersion = "Xcode 14.0";
			developmentRegion = en;
			hasScannedForEncodings = 0;
			knownRegions = (
				en,
				Base,
			);
			mainGroup = 91B2CE762C06EE5200A00489;
			productRefGroup = 91B2CE802C06EE5200A00489 /* Products */;
			projectDirPath = "";
			projectRoot = "";
			targets = (
				91B2CE7E2C06EE5200A00489 /* LMS */,
				91B2CE8E2C06EE5400A00489 /* LMSTests */,
				91B2CE982C06EE5400A00489 /* LMSUITests */,
			);
		};
/* End PBXProject section */

/* Begin PBXResourcesBuildPhase section */
		91B2CE7D2C06EE5200A00489 /* Resources */ = {
			isa = PBXResourcesBuildPhase;
			buildActionMask = 2147483647;
			files = (
				91B2CE8A2C06EE5300A00489 /* Preview Assets.xcassets in Resources */,
				91B2CE872C06EE5300A00489 /* Assets.xcassets in Resources */,
			);
			runOnlyForDeploymentPostprocessing = 0;
		};
		91B2CE8D2C06EE5400A00489 /* Resources */ = {
			isa = PBXResourcesBuildPhase;
			buildActionMask = 2147483647;
			files = (
			);
			runOnlyForDeploymentPostprocessing = 0;
		};
		91B2CE972C06EE5400A00489 /* Resources */ = {
			isa = PBXResourcesBuildPhase;
			buildActionMask = 2147483647;
			files = (
			);
			runOnlyForDeploymentPostprocessing = 0;
		};
/* End PBXResourcesBuildPhase section */

/* Begin PBXSourcesBuildPhase section */
		91B2CE7B2C06EE5200A00489 /* Sources */ = {
			isa = PBXSourcesBuildPhase;
			buildActionMask = 2147483647;
			files = (
				91B2CE852C06EE5200A00489 /* ContentView.swift in Sources */,
				91B2CEAE2C06EEB900A00489 /* ProfileView.swift in Sources */,
				916184722C070C0F00597931 /* SubjectView.swift in Sources */,
				918F5E022C13428400F2BB1C /* LoginView.swift in Sources */,
				91B2CEB22C06F09000A00489 /* CourseView.swift in Sources */,
				91B2CEB72C06F0E200A00489 /* TabBar.swift in Sources */,
				91B2CEB42C06F0AA00A00489 /* HomeView.swift in Sources */,
				91327F542C12E6F900BCC67E /* main.cpp in Sources */,
				91B2CE832C06EE5200A00489 /* LMSApp.swift in Sources */,
			);
			runOnlyForDeploymentPostprocessing = 0;
		};
		91B2CE8B2C06EE5400A00489 /* Sources */ = {
			isa = PBXSourcesBuildPhase;
			buildActionMask = 2147483647;
			files = (
				91B2CE942C06EE5400A00489 /* LMSTests.swift in Sources */,
			);
			runOnlyForDeploymentPostprocessing = 0;
		};
		91B2CE952C06EE5400A00489 /* Sources */ = {
			isa = PBXSourcesBuildPhase;
			buildActionMask = 2147483647;
			files = (
				91B2CE9E2C06EE5400A00489 /* LMSUITests.swift in Sources */,
				91B2CEA02C06EE5400A00489 /* LMSUITestsLaunchTests.swift in Sources */,
			);
			runOnlyForDeploymentPostprocessing = 0;
		};
/* End PBXSourcesBuildPhase section */

/* Begin PBXTargetDependency section */
		91B2CE912C06EE5400A00489 /* PBXTargetDependency */ = {
			isa = PBXTargetDependency;
			target = 91B2CE7E2C06EE5200A00489 /* LMS */;
			targetProxy = 91B2CE902C06EE5400A00489 /* PBXContainerItemProxy */;
		};
		91B2CE9B2C06EE5400A00489 /* PBXTargetDependency */ = {
			isa = PBXTargetDependency;
			target = 91B2CE7E2C06EE5200A00489 /* LMS */;
			targetProxy = 91B2CE9A2C06EE5400A00489 /* PBXContainerItemProxy */;
		};
/* End PBXTargetDependency section */

/* Begin XCBuildConfiguration section */
		91B2CEA12C06EE5400A00489 /* Debug */ = {
			isa = XCBuildConfiguration;
			buildSettings = {
				ALWAYS_SEARCH_USER_PATHS = NO;
				CLANG_ANALYZER_NONNULL = YES;
				CLANG_ANALYZER_NUMBER_OBJECT_CONVERSION = YES_AGGRESSIVE;
				CLANG_CXX_LANGUAGE_STANDARD = "gnu++20";
				CLANG_ENABLE_MODULES = YES;
				CLANG_ENABLE_OBJC_ARC = YES;
				CLANG_ENABLE_OBJC_WEAK = YES;
				CLANG_WARN_BLOCK_CAPTURE_AUTORELEASING = YES;
				CLANG_WARN_BOOL_CONVERSION = YES;
				CLANG_WARN_COMMA = YES;
				CLANG_WARN_CONSTANT_CONVERSION = YES;
				CLANG_WARN_DEPRECATED_OBJC_IMPLEMENTATIONS = YES;
				CLANG_WARN_DIRECT_OBJC_ISA_USAGE = YES_ERROR;
				CLANG_WARN_DOCUMENTATION_COMMENTS = YES;
				CLANG_WARN_EMPTY_BODY = YES;
				CLANG_WARN_ENUM_CONVERSION = YES;
				CLANG_WARN_INFINITE_RECURSION = YES;
				CLANG_WARN_INT_CONVERSION = YES;
				CLANG_WARN_NON_LITERAL_NULL_CONVERSION = YES;
				CLANG_WARN_OBJC_IMPLICIT_RETAIN_SELF = YES;
				CLANG_WARN_OBJC_LITERAL_CONVERSION = YES;
				CLANG_WARN_OBJC_ROOT_CLASS = YES_ERROR;
				CLANG_WARN_QUOTED_INCLUDE_IN_FRAMEWORK_HEADER = YES;
				CLANG_WARN_RANGE_LOOP_ANALYSIS = YES;
				CLANG_WARN_STRICT_PROTOTYPES = YES;
				CLANG_WARN_SUSPICIOUS_MOVE = YES;
				CLANG_WARN_UNGUARDED_AVAILABILITY = YES_AGGRESSIVE;
				CLANG_WARN_UNREACHABLE_CODE = YES;
				CLANG_WARN__DUPLICATE_METHOD_MATCH = YES;
				COPY_PHASE_STRIP = NO;
				DEBUG_INFORMATION_FORMAT = dwarf;
				ENABLE_STRICT_OBJC_MSGSEND = YES;
				ENABLE_TESTABILITY = YES;
				GCC_C_LANGUAGE_STANDARD = gnu11;
				GCC_DYNAMIC_NO_PIC = NO;
				GCC_NO_COMMON_BLOCKS = YES;
				GCC_OPTIMIZATION_LEVEL = 0;
				GCC_PREPROCESSOR_DEFINITIONS = (
					"DEBUG=1",
					"$(inherited)",
				);
				GCC_WARN_64_TO_32_BIT_CONVERSION = YES;
				GCC_WARN_ABOUT_RETURN_TYPE = YES_ERROR;
				GCC_WARN_UNDECLARED_SELECTOR = YES;
				GCC_WARN_UNINITIALIZED_AUTOS = YES_AGGRESSIVE;
				GCC_WARN_UNUSED_FUNCTION = YES;
				GCC_WARN_UNUSED_VARIABLE = YES;
				IPHONEOS_DEPLOYMENT_TARGET = 16.4;
				MTL_ENABLE_DEBUG_INFO = INCLUDE_SOURCE;
				MTL_FAST_MATH = YES;
				ONLY_ACTIVE_ARCH = YES;
				SDKROOT = iphoneos;
				SWIFT_ACTIVE_COMPILATION_CONDITIONS = DEBUG;
				SWIFT_OPTIMIZATION_LEVEL = "-Onone";
			};
			name = Debug;
		};
		91B2CEA22C06EE5400A00489 /* Release */ = {
			isa = XCBuildConfiguration;
			buildSettings = {
				ALWAYS_SEARCH_USER_PATHS = NO;
				CLANG_ANALYZER_NONNULL = YES;
				CLANG_ANALYZER_NUMBER_OBJECT_CONVERSION = YES_AGGRESSIVE;
				CLANG_CXX_LANGUAGE_STANDARD = "gnu++20";
				CLANG_ENABLE_MODULES = YES;
				CLANG_ENABLE_OBJC_ARC = YES;
				CLANG_ENABLE_OBJC_WEAK = YES;
				CLANG_WARN_BLOCK_CAPTURE_AUTORELEASING = YES;
				CLANG_WARN_BOOL_CONVERSION = YES;
				CLANG_WARN_COMMA = YES;
				CLANG_WARN_CONSTANT_CONVERSION = YES;
				CLANG_WARN_DEPRECATED_OBJC_IMPLEMENTATIONS = YES;
				CLANG_WARN_DIRECT_OBJC_ISA_USAGE = YES_ERROR;
				CLANG_WARN_DOCUMENTATION_COMMENTS = YES;
				CLANG_WARN_EMPTY_BODY = YES;
				CLANG_WARN_ENUM_CONVERSION = YES;
				CLANG_WARN_INFINITE_RECURSION = YES;
				CLANG_WARN_INT_CONVERSION = YES;
				CLANG_WARN_NON_LITERAL_NULL_CONVERSION = YES;
				CLANG_WARN_OBJC_IMPLICIT_RETAIN_SELF = YES;
				CLANG_WARN_OBJC_LITERAL_CONVERSION = YES;
				CLANG_WARN_OBJC_ROOT_CLASS = YES_ERROR;
				CLANG_WARN_QUOTED_INCLUDE_IN_FRAMEWORK_HEADER = YES;
				CLANG_WARN_RANGE_LOOP_ANALYSIS = YES;
				CLANG_WARN_STRICT_PROTOTYPES = YES;
				CLANG_WARN_SUSPICIOUS_MOVE = YES;
				CLANG_WARN_UNGUARDED_AVAILABILITY = YES_AGGRESSIVE;
				CLANG_WARN_UNREACHABLE_CODE = YES;
				CLANG_WARN__DUPLICATE_METHOD_MATCH = YES;
				COPY_PHASE_STRIP = NO;
				DEBUG_INFORMATION_FORMAT = "dwarf-with-dsym";
				ENABLE_NS_ASSERTIONS = NO;
				ENABLE_STRICT_OBJC_MSGSEND = YES;
				GCC_C_LANGUAGE_STANDARD = gnu11;
				GCC_NO_COMMON_BLOCKS = YES;
				GCC_WARN_64_TO_32_BIT_CONVERSION = YES;
				GCC_WARN_ABOUT_RETURN_TYPE = YES_ERROR;
				GCC_WARN_UNDECLARED_SELECTOR = YES;
				GCC_WARN_UNINITIALIZED_AUTOS = YES_AGGRESSIVE;
				GCC_WARN_UNUSED_FUNCTION = YES;
				GCC_WARN_UNUSED_VARIABLE = YES;
				IPHONEOS_DEPLOYMENT_TARGET = 16.4;
				MTL_ENABLE_DEBUG_INFO = NO;
				MTL_FAST_MATH = YES;
				SDKROOT = iphoneos;
				SWIFT_COMPILATION_MODE = wholemodule;
				SWIFT_OPTIMIZATION_LEVEL = "-O";
				VALIDATE_PRODUCT = YES;
			};
			name = Release;
		};
		91B2CEA42C06EE5400A00489 /* Debug */ = {
			isa = XCBuildConfiguration;
			buildSettings = {
				ASSETCATALOG_COMPILER_APPICON_NAME = AppIcon;
				ASSETCATALOG_COMPILER_GLOBAL_ACCENT_COLOR_NAME = AccentColor;
				CLANG_ENABLE_MODULES = YES;
				CODE_SIGN_STYLE = Automatic;
				CURRENT_PROJECT_VERSION = 1;
				DEVELOPMENT_ASSET_PATHS = "\"LMS/Preview Content\"";
				ENABLE_PREVIEWS = YES;
				GENERATE_INFOPLIST_FILE = YES;
				INFOPLIST_KEY_UIApplicationSceneManifest_Generation = YES;
				INFOPLIST_KEY_UIApplicationSupportsIndirectInputEvents = YES;
				INFOPLIST_KEY_UILaunchScreen_Generation = YES;
				INFOPLIST_KEY_UISupportedInterfaceOrientations_iPad = "UIInterfaceOrientationPortrait UIInterfaceOrientationPortraitUpsideDown UIInterfaceOrientationLandscapeLeft UIInterfaceOrientationLandscapeRight";
				INFOPLIST_KEY_UISupportedInterfaceOrientations_iPhone = "UIInterfaceOrientationPortrait UIInterfaceOrientationLandscapeLeft UIInterfaceOrientationLandscapeRight";
				LD_RUNPATH_SEARCH_PATHS = (
					"$(inherited)",
					"@executable_path/Frameworks",
				);
				MARKETING_VERSION = 1.0;
				PRODUCT_BUNDLE_IDENTIFIER = S1.LMS;
				PRODUCT_NAME = "$(TARGET_NAME)";
				SWIFT_EMIT_LOC_STRINGS = YES;
				SWIFT_OBJC_BRIDGING_HEADER = "LMS/C++/LMS-Bridging-Header.h";
				SWIFT_OPTIMIZATION_LEVEL = "-Onone";
				SWIFT_VERSION = 5.0;
				TARGETED_DEVICE_FAMILY = "1,2";
			};
			name = Debug;
		};
		91B2CEA52C06EE5400A00489 /* Release */ = {
			isa = XCBuildConfiguration;
			buildSettings = {
				ASSETCATALOG_COMPILER_APPICON_NAME = AppIcon;
				ASSETCATALOG_COMPILER_GLOBAL_ACCENT_COLOR_NAME = AccentColor;
				CLANG_ENABLE_MODULES = YES;
				CODE_SIGN_STYLE = Automatic;
				CURRENT_PROJECT_VERSION = 1;
				DEVELOPMENT_ASSET_PATHS = "\"LMS/Preview Content\"";
				ENABLE_PREVIEWS = YES;
				GENERATE_INFOPLIST_FILE = YES;
				INFOPLIST_KEY_UIApplicationSceneManifest_Generation = YES;
				INFOPLIST_KEY_UIApplicationSupportsIndirectInputEvents = YES;
				INFOPLIST_KEY_UILaunchScreen_Generation = YES;
				INFOPLIST_KEY_UISupportedInterfaceOrientations_iPad = "UIInterfaceOrientationPortrait UIInterfaceOrientationPortraitUpsideDown UIInterfaceOrientationLandscapeLeft UIInterfaceOrientationLandscapeRight";
				INFOPLIST_KEY_UISupportedInterfaceOrientations_iPhone = "UIInterfaceOrientationPortrait UIInterfaceOrientationLandscapeLeft UIInterfaceOrientationLandscapeRight";
				LD_RUNPATH_SEARCH_PATHS = (
					"$(inherited)",
					"@executable_path/Frameworks",
				);
				MARKETING_VERSION = 1.0;
				PRODUCT_BUNDLE_IDENTIFIER = S1.LMS;
				PRODUCT_NAME = "$(TARGET_NAME)";
				SWIFT_EMIT_LOC_STRINGS = YES;
				SWIFT_OBJC_BRIDGING_HEADER = "LMS/C++/LMS-Bridging-Header.h";
				SWIFT_VERSION = 5.0;
				TARGETED_DEVICE_FAMILY = "1,2";
			};
			name = Release;
		};
		91B2CEA72C06EE5400A00489 /* Debug */ = {
			isa = XCBuildConfiguration;
			buildSettings = {
				ALWAYS_EMBED_SWIFT_STANDARD_LIBRARIES = YES;
				BUNDLE_LOADER = "$(TEST_HOST)";
				CODE_SIGN_STYLE = Automatic;
				CURRENT_PROJECT_VERSION = 1;
				GENERATE_INFOPLIST_FILE = YES;
				IPHONEOS_DEPLOYMENT_TARGET = 16.4;
				MARKETING_VERSION = 1.0;
				PRODUCT_BUNDLE_IDENTIFIER = S1.LMSTests;
				PRODUCT_NAME = "$(TARGET_NAME)";
				SWIFT_EMIT_LOC_STRINGS = NO;
				SWIFT_VERSION = 5.0;
				TARGETED_DEVICE_FAMILY = "1,2";
				TEST_HOST = "$(BUILT_PRODUCTS_DIR)/LMS.app/$(BUNDLE_EXECUTABLE_FOLDER_PATH)/LMS";
			};
			name = Debug;
		};
		91B2CEA82C06EE5400A00489 /* Release */ = {
			isa = XCBuildConfiguration;
			buildSettings = {
				ALWAYS_EMBED_SWIFT_STANDARD_LIBRARIES = YES;
				BUNDLE_LOADER = "$(TEST_HOST)";
				CODE_SIGN_STYLE = Automatic;
				CURRENT_PROJECT_VERSION = 1;
				GENERATE_INFOPLIST_FILE = YES;
				IPHONEOS_DEPLOYMENT_TARGET = 16.4;
				MARKETING_VERSION = 1.0;
				PRODUCT_BUNDLE_IDENTIFIER = S1.LMSTests;
				PRODUCT_NAME = "$(TARGET_NAME)";
				SWIFT_EMIT_LOC_STRINGS = NO;
				SWIFT_VERSION = 5.0;
				TARGETED_DEVICE_FAMILY = "1,2";
				TEST_HOST = "$(BUILT_PRODUCTS_DIR)/LMS.app/$(BUNDLE_EXECUTABLE_FOLDER_PATH)/LMS";
			};
			name = Release;
		};
		91B2CEAA2C06EE5400A00489 /* Debug */ = {
			isa = XCBuildConfiguration;
			buildSettings = {
				ALWAYS_EMBED_SWIFT_STANDARD_LIBRARIES = YES;
				CODE_SIGN_STYLE = Automatic;
				CURRENT_PROJECT_VERSION = 1;
				GENERATE_INFOPLIST_FILE = YES;
				MARKETING_VERSION = 1.0;
				PRODUCT_BUNDLE_IDENTIFIER = S1.LMSUITests;
				PRODUCT_NAME = "$(TARGET_NAME)";
				SWIFT_EMIT_LOC_STRINGS = NO;
				SWIFT_VERSION = 5.0;
				TARGETED_DEVICE_FAMILY = "1,2";
				TEST_TARGET_NAME = LMS;
			};
			name = Debug;
		};
		91B2CEAB2C06EE5400A00489 /* Release */ = {
			isa = XCBuildConfiguration;
			buildSettings = {
				ALWAYS_EMBED_SWIFT_STANDARD_LIBRARIES = YES;
				CODE_SIGN_STYLE = Automatic;
				CURRENT_PROJECT_VERSION = 1;
				GENERATE_INFOPLIST_FILE = YES;
				MARKETING_VERSION = 1.0;
				PRODUCT_BUNDLE_IDENTIFIER = S1.LMSUITests;
				PRODUCT_NAME = "$(TARGET_NAME)";
				SWIFT_EMIT_LOC_STRINGS = NO;
				SWIFT_VERSION = 5.0;
				TARGETED_DEVICE_FAMILY = "1,2";
				TEST_TARGET_NAME = LMS;
			};
			name = Release;
		};
/* End XCBuildConfiguration section */

/* Begin XCConfigurationList section */
		91B2CE7A2C06EE5200A00489 /* Build configuration list for PBXProject "LMS" */ = {
			isa = XCConfigurationList;
			buildConfigurations = (
				91B2CEA12C06EE5400A00489 /* Debug */,
				91B2CEA22C06EE5400A00489 /* Release */,
			);
			defaultConfigurationIsVisible = 0;
			defaultConfigurationName = Release;
		};
		91B2CEA32C06EE5400A00489 /* Build configuration list for PBXNativeTarget "LMS" */ = {
			isa = XCConfigurationList;
			buildConfigurations = (
				91B2CEA42C06EE5400A00489 /* Debug */,
				91B2CEA52C06EE5400A00489 /* Release */,
			);
			defaultConfigurationIsVisible = 0;
			defaultConfigurationName = Release;
		};
		91B2CEA62C06EE5400A00489 /* Build configuration list for PBXNativeTarget "LMSTests" */ = {
			isa = XCConfigurationList;
			buildConfigurations = (
				91B2CEA72C06EE5400A00489 /* Debug */,
				91B2CEA82C06EE5400A00489 /* Release */,
			);
			defaultConfigurationIsVisible = 0;
			defaultConfigurationName = Release;
		};
		91B2CEA92C06EE5400A00489 /* Build configuration list for PBXNativeTarget "LMSUITests" */ = {
			isa = XCConfigurationList;
			buildConfigurations = (
				91B2CEAA2C06EE5400A00489 /* Debug */,
				91B2CEAB2C06EE5400A00489 /* Release */,
			);
			defaultConfigurationIsVisible = 0;
			defaultConfigurationName = Release;
		};
/* End XCConfigurationList section */
	};
	rootObject = 91B2CE772C06EE5200A00489 /* Project object */;
}
